
Microsoft Visual Studio Solution File, Format Version 12.00
# Visual Studio Version 17
VisualStudioVersion = 17.11.35327.3
MinimumVisualStudioVersion = 10.0.40219.1
Project("{FAE04EC0-301F-11D3-BF4B-00C04F79EFBC}") = "API_RestCurrencyConverter", "API_RestCurrencyConverter\API_RestCurrencyConverter.csproj", "{EC8C81F7-E05A-4866-9D0D-61AE7383C03A}"
EndProject
Global
	GlobalSection(SolutionConfigurationPlatforms) = preSolution
		Debug|Any CPU = Debug|Any CPU
		Release|Any CPU = Release|Any CPU
	EndGlobalSection
	GlobalSection(ProjectConfigurationPlatforms) = postSolution
		{EC8C81F7-E05A-4866-9D0D-61AE7383C03A}.Debug|Any CPU.ActiveCfg = Debug|Any CPU
		{EC8C81F7-E05A-4866-9D0D-61AE7383C03A}.Debug|Any CPU.Build.0 = Debug|Any CPU
		{EC8C81F7-E05A-4866-9D0D-61AE7383C03A}.Release|Any CPU.ActiveCfg = Release|Any CPU
		{EC8C81F7-E05A-4866-9D0D-61AE7383C03A}.Release|Any CPU.Build.0 = Release|Any CPU
	EndGlobalSection
	GlobalSection(SolutionProperties) = preSolution
		HideSolutionNode = FALSE
	EndGlobalSection
	GlobalSection(ExtensibilityGlobals) = postSolution
		SolutionGuid = {C0170339-E1D9-4CEC-ABE0-975531DEC808}
	EndGlobalSection
EndGlobal
